
Microsoft Visual Studio Solution File, Format Version 12.00
# Visual Studio 14
VisualStudioVersion = 14.0.22919.0
MinimumVisualStudioVersion = 10.0.40219.1
Project("{FAE04EC0-301F-11D3-BF4B-00C04F79EFBC}") = "Argonaut.Sumobot", "Argonaut.Sumobot\Argonaut.Sumobot.csproj", "{CAE435B8-05D2-408A-B723-3CE0E6FC90FE}"
EndProject
Project("{FAE04EC0-301F-11D3-BF4B-00C04F79EFBC}") = "Amqp.Store", "..\..\amqp\src\Amqp.Store.csproj", "{647AAC43-DC4A-47F0-8C07-E0DA2C312B30}"
EndProject
Project("{2150E333-8FDC-42A3-9474-1A3956D46DE8}") = "Resources", "Resources", "{9F041017-823A-4D31-A8C7-6A7F999F2E47}"
EndProject
Global
	GlobalSection(SolutionConfigurationPlatforms) = preSolution
		Debug|Any CPU = Debug|Any CPU
		Debug|ARM = Debug|ARM
		Debug|x64 = Debug|x64
		Debug|x86 = Debug|x86
		Release|Any CPU = Release|Any CPU
		Release|ARM = Release|ARM
		Release|x64 = Release|x64
		Release|x86 = Release|x86
	EndGlobalSection
	GlobalSection(ProjectConfigurationPlatforms) = postSolution
		{CAE435B8-05D2-408A-B723-3CE0E6FC90FE}.Debug|Any CPU.ActiveCfg = Debug|x86
		{CAE435B8-05D2-408A-B723-3CE0E6FC90FE}.Debug|ARM.ActiveCfg = Debug|ARM
		{CAE435B8-05D2-408A-B723-3CE0E6FC90FE}.Debug|ARM.Build.0 = Debug|ARM
		{CAE435B8-05D2-408A-B723-3CE0E6FC90FE}.Debug|ARM.Deploy.0 = Debug|ARM
		{CAE435B8-05D2-408A-B723-3CE0E6FC90FE}.Debug|x64.ActiveCfg = Debug|x64
		{CAE435B8-05D2-408A-B723-3CE0E6FC90FE}.Debug|x64.Build.0 = Debug|x64
		{CAE435B8-05D2-408A-B723-3CE0E6FC90FE}.Debug|x64.Deploy.0 = Debug|x64
		{CAE435B8-05D2-408A-B723-3CE0E6FC90FE}.Debug|x86.ActiveCfg = Debug|x86
		{CAE435B8-05D2-408A-B723-3CE0E6FC90FE}.Debug|x86.Build.0 = Debug|x86
		{CAE435B8-05D2-408A-B723-3CE0E6FC90FE}.Debug|x86.Deploy.0 = Debug|x86
		{CAE435B8-05D2-408A-B723-3CE0E6FC90FE}.Release|Any CPU.ActiveCfg = Release|x86
		{CAE435B8-05D2-408A-B723-3CE0E6FC90FE}.Release|ARM.ActiveCfg = Release|ARM
		{CAE435B8-05D2-408A-B723-3CE0E6FC90FE}.Release|ARM.Build.0 = Release|ARM
		{CAE435B8-05D2-408A-B723-3CE0E6FC90FE}.Release|ARM.Deploy.0 = Release|ARM
		{CAE435B8-05D2-408A-B723-3CE0E6FC90FE}.Release|x64.ActiveCfg = Release|x64
		{CAE435B8-05D2-408A-B723-3CE0E6FC90FE}.Release|x64.Build.0 = Release|x64
		{CAE435B8-05D2-408A-B723-3CE0E6FC90FE}.Release|x64.Deploy.0 = Release|x64
		{CAE435B8-05D2-408A-B723-3CE0E6FC90FE}.Release|x86.ActiveCfg = Release|x86
		{CAE435B8-05D2-408A-B723-3CE0E6FC90FE}.Release|x86.Build.0 = Release|x86
		{CAE435B8-05D2-408A-B723-3CE0E6FC90FE}.Release|x86.Deploy.0 = Release|x86
		{647AAC43-DC4A-47F0-8C07-E0DA2C312B30}.Debug|Any CPU.ActiveCfg = Debug|Any CPU
		{647AAC43-DC4A-47F0-8C07-E0DA2C312B30}.Debug|Any CPU.Build.0 = Debug|Any CPU
		{647AAC43-DC4A-47F0-8C07-E0DA2C312B30}.Debug|ARM.ActiveCfg = Debug|ARM
		{647AAC43-DC4A-47F0-8C07-E0DA2C312B30}.Debug|ARM.Build.0 = Debug|ARM
		{647AAC43-DC4A-47F0-8C07-E0DA2C312B30}.Debug|x64.ActiveCfg = Debug|x64
		{647AAC43-DC4A-47F0-8C07-E0DA2C312B30}.Debug|x64.Build.0 = Debug|x64
		{647AAC43-DC4A-47F0-8C07-E0DA2C312B30}.Debug|x86.ActiveCfg = Debug|x86
		{647AAC43-DC4A-47F0-8C07-E0DA2C312B30}.Debug|x86.Build.0 = Debug|x86
		{647AAC43-DC4A-47F0-8C07-E0DA2C312B30}.Release|Any CPU.ActiveCfg = Release|Any CPU
		{647AAC43-DC4A-47F0-8C07-E0DA2C312B30}.Release|Any CPU.Build.0 = Release|Any CPU
		{647AAC43-DC4A-47F0-8C07-E0DA2C312B30}.Release|ARM.ActiveCfg = Release|ARM
		{647AAC43-DC4A-47F0-8C07-E0DA2C312B30}.Release|ARM.Build.0 = Release|ARM
		{647AAC43-DC4A-47F0-8C07-E0DA2C312B30}.Release|x64.ActiveCfg = Release|x64
		{647AAC43-DC4A-47F0-8C07-E0DA2C312B30}.Release|x64.Build.0 = Release|x64
		{647AAC43-DC4A-47F0-8C07-E0DA2C312B30}.Release|x86.ActiveCfg = Release|x86
		{647AAC43-DC4A-47F0-8C07-E0DA2C312B30}.Release|x86.Build.0 = Release|x86
	EndGlobalSection
	GlobalSection(SolutionProperties) = preSolution
		HideSolutionNode = FALSE
	EndGlobalSection
EndGlobal
